// !$*UTF8*$!
{
	archiveVersion = 1;
	classes = {
	};
	objectVersion = 50;
	objects = {

/* Begin PBXBuildFile section */
		96FDE0D320C18E5C00B3BF8F /* AppDelegate.swift in Sources */ = {isa = PBXBuildFile; fileRef = 96FDE0D220C18E5C00B3BF8F /* AppDelegate.swift */; };
		96FDE0D520C18E5C00B3BF8F /* ViewController.swift in Sources */ = {isa = PBXBuildFile; fileRef = 96FDE0D420C18E5C00B3BF8F /* ViewController.swift */; };
		96FDE0D820C18E5C00B3BF8F /* Main.storyboard in Resources */ = {isa = PBXBuildFile; fileRef = 96FDE0D620C18E5C00B3BF8F /* Main.storyboard */; };
		96FDE0DA20C18E5F00B3BF8F /* Assets.xcassets in Resources */ = {isa = PBXBuildFile; fileRef = 96FDE0D920C18E5F00B3BF8F /* Assets.xcassets */; };
		96FDE0DD20C18E5F00B3BF8F /* LaunchScreen.storyboard in Resources */ = {isa = PBXBuildFile; fileRef = 96FDE0DB20C18E5F00B3BF8F /* LaunchScreen.storyboard */; };
		96FDE0E820C18E5F00B3BF8F /* simpleListTests.swift in Sources */ = {isa = PBXBuildFile; fileRef = 96FDE0E720C18E5F00B3BF8F /* simpleListTests.swift */; };
/* End PBXBuildFile section */

/* Begin PBXContainerItemProxy section */
		96FDE0E420C18E5F00B3BF8F /* PBXContainerItemProxy */ = {
			isa = PBXContainerItemProxy;
			containerPortal = 96FDE0C720C18E5C00B3BF8F /* Project object */;
			proxyType = 1;
			remoteGlobalIDString = 96FDE0CE20C18E5C00B3BF8F;
			remoteInfo = simpleList;
		};
/* End PBXContainerItemProxy section */

/* Begin PBXFileReference section */
		96FDE0CF20C18E5C00B3BF8F /* simpleList.app */ = {isa = PBXFileReference; explicitFileType = wrapper.application; includeInIndex = 0; path = simpleList.app; sourceTree = BUILT_PRODUCTS_DIR; };
		96FDE0D220C18E5C00B3BF8F /* AppDelegate.swift */ = {isa = PBXFileReference; lastKnownFileType = sourcecode.swift; path = AppDelegate.swift; sourceTree = "<group>"; };
		96FDE0D420C18E5C00B3BF8F /* ViewController.swift */ = {isa = PBXFileReference; lastKnownFileType = sourcecode.swift; path = ViewController.swift; sourceTree = "<group>"; };
		96FDE0D720C18E5C00B3BF8F /* Base */ = {isa = PBXFileReference; lastKnownFileType = file.storyboard; name = Base; path = Base.lproj/Main.storyboard; sourceTree = "<group>"; };
		96FDE0D920C18E5F00B3BF8F /* Assets.xcassets */ = {isa = PBXFileReference; lastKnownFileType = folder.assetcatalog; path = Assets.xcassets; sourceTree = "<group>"; };
		96FDE0DC20C18E5F00B3BF8F /* Base */ = {isa = PBXFileReference; lastKnownFileType = file.storyboard; name = Base; path = Base.lproj/LaunchScreen.storyboard; sourceTree = "<group>"; };
		96FDE0DE20C18E5F00B3BF8F /* Info.plist */ = {isa = PBXFileReference; lastKnownFileType = text.plist.xml; path = Info.plist; sourceTree = "<group>"; };
		96FDE0E320C18E5F00B3BF8F /* simpleListTests.xctest */ = {isa = PBXFileReference; explicitFileType = wrapper.cfbundle; includeInIndex = 0; path = simpleListTests.xctest; sourceTree = BUILT_PRODUCTS_DIR; };
		96FDE0E720C18E5F00B3BF8F /* simpleListTests.swift */ = {isa = PBXFileReference; lastKnownFileType = sourcecode.swift; path = simpleListTests.swift; sourceTree = "<group>"; };
		96FDE0E920C18E5F00B3BF8F /* Info.plist */ = {isa = PBXFileReference; lastKnownFileType = text.plist.xml; path = Info.plist; sourceTree = "<group>"; };
/* End PBXFileReference section */

/* Begin PBXFrameworksBuildPhase section */
		96FDE0CC20C18E5C00B3BF8F /* Frameworks */ = {
			isa = PBXFrameworksBuildPhase;
			buildActionMask = 2147483647;
			files = (
			);
			runOnlyForDeploymentPostprocessing = 0;
		};
		96FDE0E020C18E5F00B3BF8F /* Frameworks */ = {
			isa = PBXFrameworksBuildPhase;
			buildActionMask = 2147483647;
			files = (
			);
			runOnlyForDeploymentPostprocessing = 0;
		};
/* End PBXFrameworksBuildPhase section */

/* Begin PBXGroup section */
		96FDE0C620C18E5C00B3BF8F = {
			isa = PBXGroup;
			children = (
				96FDE0D120C18E5C00B3BF8F /* simpleList */,
				96FDE0E620C18E5F00B3BF8F /* simpleListTests */,
				96FDE0D020C18E5C00B3BF8F /* Products */,
			);
			sourceTree = "<group>";
		};
		96FDE0D020C18E5C00B3BF8F /* Products */ = {
			isa = PBXGroup;
			children = (
				96FDE0CF20C18E5C00B3BF8F /* simpleList.app */,
				96FDE0E320C18E5F00B3BF8F /* simpleListTests.xctest */,
			);
			name = Products;
			sourceTree = "<group>";
		};
		96FDE0D120C18E5C00B3BF8F /* simpleList */ = {
			isa = PBXGroup;
			children = (
				96FDE0D220C18E5C00B3BF8F /* AppDelegate.swift */,
				96FDE0D420C18E5C00B3BF8F /* ViewController.swift */,
				96FDE0D620C18E5C00B3BF8F /* Main.storyboard */,
				96FDE0D920C18E5F00B3BF8F /* Assets.xcassets */,
				96FDE0DB20C18E5F00B3BF8F /* LaunchScreen.storyboard */,
				96FDE0DE20C18E5F00B3BF8F /* Info.plist */,
			);
			path = simpleList;
			sourceTree = "<group>";
		};
		96FDE0E620C18E5F00B3BF8F /* simpleListTests */ = {
			isa = PBXGroup;
			children = (
				96FDE0E720C18E5F00B3BF8F /* simpleListTests.swift */,
				96FDE0E920C18E5F00B3BF8F /* Info.plist */,
			);
			path = simpleListTests;
			sourceTree = "<group>";
		};
/* End PBXGroup section */

/* Begin PBXNativeTarget section */
		96FDE0CE20C18E5C00B3BF8F /* simpleList */ = {
			isa = PBXNativeTarget;
			buildConfigurationList = 96FDE0EC20C18E5F00B3BF8F /* Build configuration list for PBXNativeTarget "simpleList" */;
			buildPhases = (
				96FDE0CB20C18E5C00B3BF8F /* Sources */,
				96FDE0CC20C18E5C00B3BF8F /* Frameworks */,
				96FDE0CD20C18E5C00B3BF8F /* Resources */,
			);
			buildRules = (
			);
			dependencies = (
			);
			name = simpleList;
			productName = simpleList;
			productReference = 96FDE0CF20C18E5C00B3BF8F /* simpleList.app */;
			productType = "com.apple.product-type.application";
		};
		96FDE0E220C18E5F00B3BF8F /* simpleListTests */ = {
			isa = PBXNativeTarget;
			buildConfigurationList = 96FDE0EF20C18E5F00B3BF8F /* Build configuration list for PBXNativeTarget "simpleListTests" */;
			buildPhases = (
				96FDE0DF20C18E5F00B3BF8F /* Sources */,
				96FDE0E020C18E5F00B3BF8F /* Frameworks */,
				96FDE0E120C18E5F00B3BF8F /* Resources */,
			);
			buildRules = (
			);
			dependencies = (
				96FDE0E520C18E5F00B3BF8F /* PBXTargetDependency */,
			);
			name = simpleListTests;
			productName = simpleListTests;
			productReference = 96FDE0E320C18E5F00B3BF8F /* simpleListTests.xctest */;
			productType = "com.apple.product-type.bundle.unit-test";
		};
/* End PBXNativeTarget section */

/* Begin PBXProject section */
		96FDE0C720C18E5C00B3BF8F /* Project object */ = {
			isa = PBXProject;
			attributes = {
				LastSwiftUpdateCheck = 0940;
				LastUpgradeCheck = 0940;
				ORGANIZATIONNAME = tribalScale;
				TargetAttributes = {
					96FDE0CE20C18E5C00B3BF8F = {
						CreatedOnToolsVersion = 9.4;
					};
					96FDE0E220C18E5F00B3BF8F = {
						CreatedOnToolsVersion = 9.4;
						TestTargetID = 96FDE0CE20C18E5C00B3BF8F;
					};
				};
			};
			buildConfigurationList = 96FDE0CA20C18E5C00B3BF8F /* Build configuration list for PBXProject "simpleList" */;
			compatibilityVersion = "Xcode 9.3";
			developmentRegion = en;
			hasScannedForEncodings = 0;
			knownRegions = (
				en,
				Base,
			);
			mainGroup = 96FDE0C620C18E5C00B3BF8F;
			productRefGroup = 96FDE0D020C18E5C00B3BF8F /* Products */;
			projectDirPath = "";
			projectRoot = "";
			targets = (
				96FDE0CE20C18E5C00B3BF8F /* simpleList */,
				96FDE0E220C18E5F00B3BF8F /* simpleListTests */,
			);
		};
/* End PBXProject section */

/* Begin PBXResourcesBuildPhase section */
		96FDE0CD20C18E5C00B3BF8F /* Resources */ = {
			isa = PBXResourcesBuildPhase;
			buildActionMask = 2147483647;
			files = (
				96FDE0DD20C18E5F00B3BF8F /* LaunchScreen.storyboard in Resources */,
				96FDE0DA20C18E5F00B3BF8F /* Assets.xcassets in Resources */,
				96FDE0D820C18E5C00B3BF8F /* Main.storyboard in Resources */,
			);
			runOnlyForDeploymentPostprocessing = 0;
		};
		96FDE0E120C18E5F00B3BF8F /* Resources */ = {
			isa = PBXResourcesBuildPhase;
			buildActionMask = 2147483647;
			files = (
			);
			runOnlyForDeploymentPostprocessing = 0;
		};
/* End PBXResourcesBuildPhase section */

/* Begin PBXSourcesBuildPhase section */
		96FDE0CB20C18E5C00B3BF8F /* Sources */ = {
			isa = PBXSourcesBuildPhase;
			buildActionMask = 2147483647;
			files = (
				96FDE0D520C18E5C00B3BF8F /* ViewController.swift in Sources */,
				96FDE0D320C18E5C00B3BF8F /* AppDelegate.swift in Sources */,
			);
			runOnlyForDeploymentPostprocessing = 0;
		};
		96FDE0DF20C18E5F00B3BF8F /* Sources */ = {
			isa = PBXSourcesBuildPhase;
			buildActionMask = 2147483647;
			files = (
				96FDE0E820C18E5F00B3BF8F /* simpleListTests.swift in Sources */,
			);
			runOnlyForDeploymentPostprocessing = 0;
		};
/* End PBXSourcesBuildPhase section */

/* Begin PBXTargetDependency section */
		96FDE0E520C18E5F00B3BF8F /* PBXTargetDependency */ = {
			isa = PBXTargetDependency;
			target = 96FDE0CE20C18E5C00B3BF8F /* simpleList */;
			targetProxy = 96FDE0E420C18E5F00B3BF8F /* PBXContainerItemProxy */;
		};
/* End PBXTargetDependency section */

/* Begin PBXVariantGroup section */
		96FDE0D620C18E5C00B3BF8F /* Main.storyboard */ = {
			isa = PBXVariantGroup;
			children = (
				96FDE0D720C18E5C00B3BF8F /* Base */,
			);
			name = Main.storyboard;
			sourceTree = "<group>";
		};
		96FDE0DB20C18E5F00B3BF8F /* LaunchScreen.storyboard */ = {
			isa = PBXVariantGroup;
			children = (
				96FDE0DC20C18E5F00B3BF8F /* Base */,
			);
			name = LaunchScreen.storyboard;
			sourceTree = "<group>";
		};
/* End PBXVariantGroup section */

/* Begin XCBuildConfiguration section */
		96FDE0EA20C18E5F00B3BF8F /* Debug */ = {
			isa = XCBuildConfiguration;
			buildSettings = {
				ALWAYS_SEARCH_USER_PATHS = NO;
				CLANG_ANALYZER_NONNULL = YES;
				CLANG_ANALYZER_NUMBER_OBJECT_CONVERSION = YES_AGGRESSIVE;
				CLANG_CXX_LANGUAGE_STANDARD = "gnu++14";
				CLANG_CXX_LIBRARY = "libc++";
				CLANG_ENABLE_MODULES = YES;
				CLANG_ENABLE_OBJC_ARC = YES;
				CLANG_ENABLE_OBJC_WEAK = YES;
				CLANG_WARN_BLOCK_CAPTURE_AUTORELEASING = YES;
				CLANG_WARN_BOOL_CONVERSION = YES;
				CLANG_WARN_COMMA = YES;
				CLANG_WARN_CONSTANT_CONVERSION = YES;
				CLANG_WARN_DEPRECATED_OBJC_IMPLEMENTATIONS = YES;
				CLANG_WARN_DIRECT_OBJC_ISA_USAGE = YES_ERROR;
				CLANG_WARN_DOCUMENTATION_COMMENTS = YES;
				CLANG_WARN_EMPTY_BODY = YES;
				CLANG_WARN_ENUM_CONVERSION = YES;
				CLANG_WARN_INFINITE_RECURSION = YES;
				CLANG_WARN_INT_CONVERSION = YES;
				CLANG_WARN_NON_LITERAL_NULL_CONVERSION = YES;
				CLANG_WARN_OBJC_IMPLICIT_RETAIN_SELF = YES;
				CLANG_WARN_OBJC_LITERAL_CONVERSION = YES;
				CLANG_WARN_OBJC_ROOT_CLASS = YES_ERROR;
				CLANG_WARN_RANGE_LOOP_ANALYSIS = YES;
				CLANG_WARN_STRICT_PROTOTYPES = YES;
				CLANG_WARN_SUSPICIOUS_MOVE = YES;
				CLANG_WARN_UNGUARDED_AVAILABILITY = YES_AGGRESSIVE;
				CLANG_WARN_UNREACHABLE_CODE = YES;
				CLANG_WARN__DUPLICATE_METHOD_MATCH = YES;
				CODE_SIGN_IDENTITY = "iPhone Developer";
				COPY_PHASE_STRIP = NO;
				DEBUG_INFORMATION_FORMAT = dwarf;
				ENABLE_STRICT_OBJC_MSGSEND = YES;
				ENABLE_TESTABILITY = YES;
				GCC_C_LANGUAGE_STANDARD = gnu11;
				GCC_DYNAMIC_NO_PIC = NO;
				GCC_NO_COMMON_BLOCKS = YES;
				GCC_OPTIMIZATION_LEVEL = 0;
				GCC_PREPROCESSOR_DEFINITIONS = (
					"DEBUG=1",
					"$(inherited)",
				);
				GCC_WARN_64_TO_32_BIT_CONVERSION = YES;
				GCC_WARN_ABOUT_RETURN_TYPE = YES_ERROR;
				GCC_WARN_UNDECLARED_SELECTOR = YES;
				GCC_WARN_UNINITIALIZED_AUTOS = YES_AGGRESSIVE;
				GCC_WARN_UNUSED_FUNCTION = YES;
				GCC_WARN_UNUSED_VARIABLE = YES;
				IPHONEOS_DEPLOYMENT_TARGET = 11.4;
				MTL_ENABLE_DEBUG_INFO = YES;
				ONLY_ACTIVE_ARCH = YES;
				SDKROOT = iphoneos;
				SWIFT_ACTIVE_COMPILATION_CONDITIONS = DEBUG;
				SWIFT_OPTIMIZATION_LEVEL = "-Onone";
			};
			name = Debug;
		};
		96FDE0EB20C18E5F00B3BF8F /* Release */ = {
			isa = XCBuildConfiguration;
			buildSettings = {
				ALWAYS_SEARCH_USER_PATHS = NO;
				CLANG_ANALYZER_NONNULL = YES;
				CLANG_ANALYZER_NUMBER_OBJECT_CONVERSION = YES_AGGRESSIVE;
				CLANG_CXX_LANGUAGE_STANDARD = "gnu++14";
				CLANG_CXX_LIBRARY = "libc++";
				CLANG_ENABLE_MODULES = YES;
				CLANG_ENABLE_OBJC_ARC = YES;
				CLANG_ENABLE_OBJC_WEAK = YES;
				CLANG_WARN_BLOCK_CAPTURE_AUTORELEASING = YES;
				CLANG_WARN_BOOL_CONVERSION = YES;
				CLANG_WARN_COMMA = YES;
				CLANG_WARN_CONSTANT_CONVERSION = YES;
				CLANG_WARN_DEPRECATED_OBJC_IMPLEMENTATIONS = YES;
				CLANG_WARN_DIRECT_OBJC_ISA_USAGE = YES_ERROR;
				CLANG_WARN_DOCUMENTATION_COMMENTS = YES;
				CLANG_WARN_EMPTY_BODY = YES;
				CLANG_WARN_ENUM_CONVERSION = YES;
				CLANG_WARN_INFINITE_RECURSION = YES;
				CLANG_WARN_INT_CONVERSION = YES;
				CLANG_WARN_NON_LITERAL_NULL_CONVERSION = YES;
				CLANG_WARN_OBJC_IMPLICIT_RETAIN_SELF = YES;
				CLANG_WARN_OBJC_LITERAL_CONVERSION = YES;
				CLANG_WARN_OBJC_ROOT_CLASS = YES_ERROR;
				CLANG_WARN_RANGE_LOOP_ANALYSIS = YES;
				CLANG_WARN_STRICT_PROTOTYPES = YES;
				CLANG_WARN_SUSPICIOUS_MOVE = YES;
				CLANG_WARN_UNGUARDED_AVAILABILITY = YES_AGGRESSIVE;
				CLANG_WARN_UNREACHABLE_CODE = YES;
				CLANG_WARN__DUPLICATE_METHOD_MATCH = YES;
				CODE_SIGN_IDENTITY = "iPhone Developer";
				COPY_PHASE_STRIP = NO;
				DEBUG_INFORMATION_FORMAT = "dwarf-with-dsym";
				ENABLE_NS_ASSERTIONS = NO;
				ENABLE_STRICT_OBJC_MSGSEND = YES;
				GCC_C_LANGUAGE_STANDARD = gnu11;
				GCC_NO_COMMON_BLOCKS = YES;
				GCC_WARN_64_TO_32_BIT_CONVERSION = YES;
				GCC_WARN_ABOUT_RETURN_TYPE = YES_ERROR;
				GCC_WARN_UNDECLARED_SELECTOR = YES;
				GCC_WARN_UNINITIALIZED_AUTOS = YES_AGGRESSIVE;
				GCC_WARN_UNUSED_FUNCTION = YES;
				GCC_WARN_UNUSED_VARIABLE = YES;
				IPHONEOS_DEPLOYMENT_TARGET = 11.4;
				MTL_ENABLE_DEBUG_INFO = NO;
				SDKROOT = iphoneos;
				SWIFT_COMPILATION_MODE = wholemodule;
				SWIFT_OPTIMIZATION_LEVEL = "-O";
				VALIDATE_PRODUCT = YES;
			};
			name = Release;
		};
		96FDE0ED20C18E5F00B3BF8F /* Debug */ = {
			isa = XCBuildConfiguration;
			buildSettings = {
				ASSETCATALOG_COMPILER_APPICON_NAME = AppIcon;
				CODE_SIGN_IDENTITY = "iPhone Developer";
				CODE_SIGN_STYLE = Manual;
				DEVELOPMENT_TEAM = "";
				INFOPLIST_FILE = simpleList/Info.plist;
				LD_RUNPATH_SEARCH_PATHS = (
					"$(inherited)",
					"@executable_path/Frameworks",
				);
				PRODUCT_BUNDLE_IDENTIFIER = com.tribalscale.beachSimpleList;
				PRODUCT_NAME = "$(TARGET_NAME)";
				PROVISIONING_PROFILE = "";
				PROVISIONING_PROFILE_SPECIFIER = "";
				SWIFT_VERSION = 4.0;
				TARGETED_DEVICE_FAMILY = "1,2";
			};
			name = Debug;
		};
		96FDE0EE20C18E5F00B3BF8F /* Release */ = {
			isa = XCBuildConfiguration;
			buildSettings = {
				ASSETCATALOG_COMPILER_APPICON_NAME = AppIcon;
				CODE_SIGN_IDENTITY = "iPhone Developer";
				CODE_SIGN_STYLE = Manual;
				DEVELOPMENT_TEAM = "";
				INFOPLIST_FILE = simpleList/Info.plist;
				LD_RUNPATH_SEARCH_PATHS = (
					"$(inherited)",
					"@executable_path/Frameworks",
				);
				PRODUCT_BUNDLE_IDENTIFIER = com.tribalscale.beachSimpleList;
				PRODUCT_NAME = "$(TARGET_NAME)";
				PROVISIONING_PROFILE = "";
				PROVISIONING_PROFILE_SPECIFIER = "";
				SWIFT_VERSION = 4.0;
				TARGETED_DEVICE_FAMILY = "1,2";
			};
			name = Release;
		};
		96FDE0F020C18E5F00B3BF8F /* Debug */ = {
			isa = XCBuildConfiguration;
			buildSettings = {
				ALWAYS_EMBED_SWIFT_STANDARD_LIBRARIES = YES;
				BUNDLE_LOADER = "$(TEST_HOST)";
				CODE_SIGN_STYLE = Automatic;
				DEVELOPMENT_TEAM = 2CMT89HYL2;
				INFOPLIST_FILE = simpleListTests/Info.plist;
				LD_RUNPATH_SEARCH_PATHS = (
					"$(inherited)",
					"@executable_path/Frameworks",
					"@loader_path/Frameworks",
				);
				PRODUCT_BUNDLE_IDENTIFIER = com.tribalscale.beachProject.simpleListTests;
				PRODUCT_NAME = "$(TARGET_NAME)";
				SWIFT_VERSION = 4.0;
				TARGETED_DEVICE_FAMILY = "1,2";
				TEST_HOST = "$(BUILT_PRODUCTS_DIR)/simpleList.app/simpleList";
			};
			name = Debug;
		};
		96FDE0F120C18E5F00B3BF8F /* Release */ = {
			isa = XCBuildConfiguration;
			buildSettings = {
				ALWAYS_EMBED_SWIFT_STANDARD_LIBRARIES = YES;
				BUNDLE_LOADER = "$(TEST_HOST)";
				CODE_SIGN_STYLE = Automatic;
				DEVELOPMENT_TEAM = 2CMT89HYL2;
				INFOPLIST_FILE = simpleListTests/Info.plist;
				LD_RUNPATH_SEARCH_PATHS = (
					"$(inherited)",
					"@executable_path/Frameworks",
					"@loader_path/Frameworks",
				);
				PRODUCT_BUNDLE_IDENTIFIER = com.tribalscale.beachProject.simpleListTests;
				PRODUCT_NAME = "$(TARGET_NAME)";
				SWIFT_VERSION = 4.0;
				TARGETED_DEVICE_FAMILY = "1,2";
				TEST_HOST = "$(BUILT_PRODUCTS_DIR)/simpleList.app/simpleList";
			};
			name = Release;
		};
/* End XCBuildConfiguration section */

/* Begin XCConfigurationList section */
		96FDE0CA20C18E5C00B3BF8F /* Build configuration list for PBXProject "simpleList" */ = {
			isa = XCConfigurationList;
			buildConfigurations = (
				96FDE0EA20C18E5F00B3BF8F /* Debug */,
				96FDE0EB20C18E5F00B3BF8F /* Release */,
			);
			defaultConfigurationIsVisible = 0;
			defaultConfigurationName = Release;
		};
		96FDE0EC20C18E5F00B3BF8F /* Build configuration list for PBXNativeTarget "simpleList" */ = {
			isa = XCConfigurationList;
			buildConfigurations = (
				96FDE0ED20C18E5F00B3BF8F /* Debug */,
				96FDE0EE20C18E5F00B3BF8F /* Release */,
			);
			defaultConfigurationIsVisible = 0;
			defaultConfigurationName = Release;
		};
		96FDE0EF20C18E5F00B3BF8F /* Build configuration list for PBXNativeTarget "simpleListTests" */ = {
			isa = XCConfigurationList;
			buildConfigurations = (
				96FDE0F020C18E5F00B3BF8F /* Debug */,
				96FDE0F120C18E5F00B3BF8F /* Release */,
			);
			defaultConfigurationIsVisible = 0;
			defaultConfigurationName = Release;
		};
/* End XCConfigurationList section */
	};
	rootObject = 96FDE0C720C18E5C00B3BF8F /* Project object */;
}
